// !$*UTF8*$!
{
	archiveVersion = 1;
	classes = {
	};
	objectVersion = 46;
	objects = {

/* Begin PBXBuildFile section */
		C13E005E1DF2A4AF009AF889 /* AppDelegate.swift in Sources */ = {isa = PBXBuildFile; fileRef = C13E005D1DF2A4AF009AF889 /* AppDelegate.swift */; };
		C13E00601DF2A4B0009AF889 /* ViewController.swift in Sources */ = {isa = PBXBuildFile; fileRef = C13E005F1DF2A4B0009AF889 /* ViewController.swift */; };
		C13E00631DF2A4B0009AF889 /* Main.storyboard in Resources */ = {isa = PBXBuildFile; fileRef = C13E00611DF2A4B0009AF889 /* Main.storyboard */; };
		C13E00651DF2A4B0009AF889 /* Assets.xcassets in Resources */ = {isa = PBXBuildFile; fileRef = C13E00641DF2A4B0009AF889 /* Assets.xcassets */; };
		C13E00681DF2A4B0009AF889 /* LaunchScreen.storyboard in Resources */ = {isa = PBXBuildFile; fileRef = C13E00661DF2A4B0009AF889 /* LaunchScreen.storyboard */; };
		C13E00731DF2A4B0009AF889 /* qqqqqqTests.swift in Sources */ = {isa = PBXBuildFile; fileRef = C13E00721DF2A4B0009AF889 /* qqqqqqTests.swift */; };
		C13E007E1DF2A4B0009AF889 /* qqqqqqUITests.swift in Sources */ = {isa = PBXBuildFile; fileRef = C13E007D1DF2A4B0009AF889 /* qqqqqqUITests.swift */; };
/* End PBXBuildFile section */

/* Begin PBXContainerItemProxy section */
		C13E006F1DF2A4B0009AF889 /* PBXContainerItemProxy */ = {
			isa = PBXContainerItemProxy;
			containerPortal = C13E00521DF2A4AF009AF889 /* Project object */;
			proxyType = 1;
			remoteGlobalIDString = C13E00591DF2A4AF009AF889;
			remoteInfo = qqqqqq;
		};
		C13E007A1DF2A4B0009AF889 /* PBXContainerItemProxy */ = {
			isa = PBXContainerItemProxy;
			containerPortal = C13E00521DF2A4AF009AF889 /* Project object */;
			proxyType = 1;
			remoteGlobalIDString = C13E00591DF2A4AF009AF889;
			remoteInfo = qqqqqq;
		};
/* End PBXContainerItemProxy section */

/* Begin PBXFileReference section */
		C13E005A1DF2A4AF009AF889 /* qqqqqq.app */ = {isa = PBXFileReference; explicitFileType = wrapper.application; includeInIndex = 0; path = qqqqqq.app; sourceTree = BUILT_PRODUCTS_DIR; };
		C13E005D1DF2A4AF009AF889 /* AppDelegate.swift */ = {isa = PBXFileReference; lastKnownFileType = sourcecode.swift; path = AppDelegate.swift; sourceTree = "<group>"; };
		C13E005F1DF2A4B0009AF889 /* ViewController.swift */ = {isa = PBXFileReference; lastKnownFileType = sourcecode.swift; path = ViewController.swift; sourceTree = "<group>"; };
		C13E00621DF2A4B0009AF889 /* Base */ = {isa = PBXFileReference; lastKnownFileType = file.storyboard; name = Base; path = Base.lproj/Main.storyboard; sourceTree = "<group>"; };
		C13E00641DF2A4B0009AF889 /* Assets.xcassets */ = {isa = PBXFileReference; lastKnownFileType = folder.assetcatalog; path = Assets.xcassets; sourceTree = "<group>"; };
		C13E00671DF2A4B0009AF889 /* Base */ = {isa = PBXFileReference; lastKnownFileType = file.storyboard; name = Base; path = Base.lproj/LaunchScreen.storyboard; sourceTree = "<group>"; };
		C13E00691DF2A4B0009AF889 /* Info.plist */ = {isa = PBXFileReference; lastKnownFileType = text.plist.xml; path = Info.plist; sourceTree = "<group>"; };
		C13E006E1DF2A4B0009AF889 /* qqqqqqTests.xctest */ = {isa = PBXFileReference; explicitFileType = wrapper.cfbundle; includeInIndex = 0; path = qqqqqqTests.xctest; sourceTree = BUILT_PRODUCTS_DIR; };
		C13E00721DF2A4B0009AF889 /* qqqqqqTests.swift */ = {isa = PBXFileReference; lastKnownFileType = sourcecode.swift; path = qqqqqqTests.swift; sourceTree = "<group>"; };
		C13E00741DF2A4B0009AF889 /* Info.plist */ = {isa = PBXFileReference; lastKnownFileType = text.plist.xml; path = Info.plist; sourceTree = "<group>"; };
		C13E00791DF2A4B0009AF889 /* qqqqqqUITests.xctest */ = {isa = PBXFileReference; explicitFileType = wrapper.cfbundle; includeInIndex = 0; path = qqqqqqUITests.xctest; sourceTree = BUILT_PRODUCTS_DIR; };
		C13E007D1DF2A4B0009AF889 /* qqqqqqUITests.swift */ = {isa = PBXFileReference; lastKnownFileType = sourcecode.swift; path = qqqqqqUITests.swift; sourceTree = "<group>"; };
		C13E007F1DF2A4B0009AF889 /* Info.plist */ = {isa = PBXFileReference; lastKnownFileType = text.plist.xml; path = Info.plist; sourceTree = "<group>"; };
/* End PBXFileReference section */

/* Begin PBXFrameworksBuildPhase section */
		C13E00571DF2A4AF009AF889 /* Frameworks */ = {
			isa = PBXFrameworksBuildPhase;
			buildActionMask = 2147483647;
			files = (
			);
			runOnlyForDeploymentPostprocessing = 0;
		};
		C13E006B1DF2A4B0009AF889 /* Frameworks */ = {
			isa = PBXFrameworksBuildPhase;
			buildActionMask = 2147483647;
			files = (
			);
			runOnlyForDeploymentPostprocessing = 0;
		};
		C13E00761DF2A4B0009AF889 /* Frameworks */ = {
			isa = PBXFrameworksBuildPhase;
			buildActionMask = 2147483647;
			files = (
			);
			runOnlyForDeploymentPostprocessing = 0;
		};
/* End PBXFrameworksBuildPhase section */

/* Begin PBXGroup section */
		C13E00511DF2A4AF009AF889 = {
			isa = PBXGroup;
			children = (
				C13E005C1DF2A4AF009AF889 /* qqqqqq */,
				C13E00711DF2A4B0009AF889 /* qqqqqqTests */,
				C13E007C1DF2A4B0009AF889 /* qqqqqqUITests */,
				C13E005B1DF2A4AF009AF889 /* Products */,
			);
			sourceTree = "<group>";
		};
		C13E005B1DF2A4AF009AF889 /* Products */ = {
			isa = PBXGroup;
			children = (
				C13E005A1DF2A4AF009AF889 /* qqqqqq.app */,
				C13E006E1DF2A4B0009AF889 /* qqqqqqTests.xctest */,
				C13E00791DF2A4B0009AF889 /* qqqqqqUITests.xctest */,
			);
			name = Products;
			sourceTree = "<group>";
		};
		C13E005C1DF2A4AF009AF889 /* qqqqqq */ = {
			isa = PBXGroup;
			children = (
				C13E005F1DF2A4B0009AF889 /* ViewController.swift */,
				C13E005D1DF2A4AF009AF889 /* AppDelegate.swift */,
				C13E00611DF2A4B0009AF889 /* Main.storyboard */,
				C13E00641DF2A4B0009AF889 /* Assets.xcassets */,
				C13E00661DF2A4B0009AF889 /* LaunchScreen.storyboard */,
				C13E00691DF2A4B0009AF889 /* Info.plist */,
			);
			path = qqqqqq;
			sourceTree = "<group>";
		};
		C13E00711DF2A4B0009AF889 /* qqqqqqTests */ = {
			isa = PBXGroup;
			children = (
				C13E00721DF2A4B0009AF889 /* qqqqqqTests.swift */,
				C13E00741DF2A4B0009AF889 /* Info.plist */,
			);
			path = qqqqqqTests;
			sourceTree = "<group>";
		};
		C13E007C1DF2A4B0009AF889 /* qqqqqqUITests */ = {
			isa = PBXGroup;
			children = (
				C13E007D1DF2A4B0009AF889 /* qqqqqqUITests.swift */,
				C13E007F1DF2A4B0009AF889 /* Info.plist */,
			);
			path = qqqqqqUITests;
			sourceTree = "<group>";
		};
/* End PBXGroup section */

/* Begin PBXNativeTarget section */
		C13E00591DF2A4AF009AF889 /* qqqqqq */ = {
			isa = PBXNativeTarget;
			buildConfigurationList = C13E00821DF2A4B0009AF889 /* Build configuration list for PBXNativeTarget "qqqqqq" */;
			buildPhases = (
				C13E00561DF2A4AF009AF889 /* Sources */,
				C13E00571DF2A4AF009AF889 /* Frameworks */,
				C13E00581DF2A4AF009AF889 /* Resources */,
			);
			buildRules = (
			);
			dependencies = (
			);
			name = qqqqqq;
			productName = qqqqqq;
			productReference = C13E005A1DF2A4AF009AF889 /* qqqqqq.app */;
			productType = "com.apple.product-type.application";
		};
		C13E006D1DF2A4B0009AF889 /* qqqqqqTests */ = {
			isa = PBXNativeTarget;
			buildConfigurationList = C13E00851DF2A4B0009AF889 /* Build configuration list for PBXNativeTarget "qqqqqqTests" */;
			buildPhases = (
				C13E006A1DF2A4B0009AF889 /* Sources */,
				C13E006B1DF2A4B0009AF889 /* Frameworks */,
				C13E006C1DF2A4B0009AF889 /* Resources */,
			);
			buildRules = (
			);
			dependencies = (
				C13E00701DF2A4B0009AF889 /* PBXTargetDependency */,
			);
			name = qqqqqqTests;
			productName = qqqqqqTests;
			productReference = C13E006E1DF2A4B0009AF889 /* qqqqqqTests.xctest */;
			productType = "com.apple.product-type.bundle.unit-test";
		};
		C13E00781DF2A4B0009AF889 /* qqqqqqUITests */ = {
			isa = PBXNativeTarget;
			buildConfigurationList = C13E00881DF2A4B0009AF889 /* Build configuration list for PBXNativeTarget "qqqqqqUITests" */;
			buildPhases = (
				C13E00751DF2A4B0009AF889 /* Sources */,
				C13E00761DF2A4B0009AF889 /* Frameworks */,
				C13E00771DF2A4B0009AF889 /* Resources */,
			);
			buildRules = (
			);
			dependencies = (
				C13E007B1DF2A4B0009AF889 /* PBXTargetDependency */,
			);
			name = qqqqqqUITests;
			productName = qqqqqqUITests;
			productReference = C13E00791DF2A4B0009AF889 /* qqqqqqUITests.xctest */;
			productType = "com.apple.product-type.bundle.ui-testing";
		};
/* End PBXNativeTarget section */

/* Begin PBXProject section */
		C13E00521DF2A4AF009AF889 /* Project object */ = {
			isa = PBXProject;
			attributes = {
				LastSwiftUpdateCheck = 0810;
				LastUpgradeCheck = 0810;
				ORGANIZATIONNAME = syh02;
				TargetAttributes = {
					C13E00591DF2A4AF009AF889 = {
						CreatedOnToolsVersion = 8.1;
						ProvisioningStyle = Automatic;
					};
					C13E006D1DF2A4B0009AF889 = {
						CreatedOnToolsVersion = 8.1;
						ProvisioningStyle = Automatic;
						TestTargetID = C13E00591DF2A4AF009AF889;
					};
					C13E00781DF2A4B0009AF889 = {
						CreatedOnToolsVersion = 8.1;
						ProvisioningStyle = Automatic;
						TestTargetID = C13E00591DF2A4AF009AF889;
					};
				};
			};
			buildConfigurationList = C13E00551DF2A4AF009AF889 /* Build configuration list for PBXProject "qqqqqq" */;
			compatibilityVersion = "Xcode 3.2";
			developmentRegion = English;
			hasScannedForEncodings = 0;
			knownRegions = (
				en,
				Base,
			);
			mainGroup = C13E00511DF2A4AF009AF889;
			productRefGroup = C13E005B1DF2A4AF009AF889 /* Products */;
			projectDirPath = "";
			projectRoot = "";
			targets = (
				C13E00591DF2A4AF009AF889 /* qqqqqq */,
				C13E006D1DF2A4B0009AF889 /* qqqqqqTests */,
				C13E00781DF2A4B0009AF889 /* qqqqqqUITests */,
			);
		};
/* End PBXProject section */

/* Begin PBXResourcesBuildPhase section */
		C13E00581DF2A4AF009AF889 /* Resources */ = {
			isa = PBXResourcesBuildPhase;
			buildActionMask = 2147483647;
			files = (
				C13E00681DF2A4B0009AF889 /* LaunchScreen.storyboard in Resources */,
				C13E00651DF2A4B0009AF889 /* Assets.xcassets in Resources */,
				C13E00631DF2A4B0009AF889 /* Main.storyboard in Resources */,
			);
			runOnlyForDeploymentPostprocessing = 0;
		};
		C13E006C1DF2A4B0009AF889 /* Resources */ = {
			isa = PBXResourcesBuildPhase;
			buildActionMask = 2147483647;
			files = (
			);
			runOnlyForDeploymentPostprocessing = 0;
		};
		C13E00771DF2A4B0009AF889 /* Resources */ = {
			isa = PBXResourcesBuildPhase;
			buildActionMask = 2147483647;
			files = (
			);
			runOnlyForDeploymentPostprocessing = 0;
		};
/* End PBXResourcesBuildPhase section */

/* Begin PBXSourcesBuildPhase section */
		C13E00561DF2A4AF009AF889 /* Sources */ = {
			isa = PBXSourcesBuildPhase;
			buildActionMask = 2147483647;
			files = (
				C13E00601DF2A4B0009AF889 /* ViewController.swift in Sources */,
				C13E005E1DF2A4AF009AF889 /* AppDelegate.swift in Sources */,
			);
			runOnlyForDeploymentPostprocessing = 0;
		};
		C13E006A1DF2A4B0009AF889 /* Sources */ = {
			isa = PBXSourcesBuildPhase;
			buildActionMask = 2147483647;
			files = (
				C13E00731DF2A4B0009AF889 /* qqqqqqTests.swift in Sources */,
			);
			runOnlyForDeploymentPostprocessing = 0;
		};
		C13E00751DF2A4B0009AF889 /* Sources */ = {
			isa = PBXSourcesBuildPhase;
			buildActionMask = 2147483647;
			files = (
				C13E007E1DF2A4B0009AF889 /* qqqqqqUITests.swift in Sources */,
			);
			runOnlyForDeploymentPostprocessing = 0;
		};
/* End PBXSourcesBuildPhase section */

/* Begin PBXTargetDependency section */
		C13E00701DF2A4B0009AF889 /* PBXTargetDependency */ = {
			isa = PBXTargetDependency;
			target = C13E00591DF2A4AF009AF889 /* qqqqqq */;
			targetProxy = C13E006F1DF2A4B0009AF889 /* PBXContainerItemProxy */;
		};
		C13E007B1DF2A4B0009AF889 /* PBXTargetDependency */ = {
			isa = PBXTargetDependency;
			target = C13E00591DF2A4AF009AF889 /* qqqqqq */;
			targetProxy = C13E007A1DF2A4B0009AF889 /* PBXContainerItemProxy */;
		};
/* End PBXTargetDependency section */

/* Begin PBXVariantGroup section */
		C13E00611DF2A4B0009AF889 /* Main.storyboard */ = {
			isa = PBXVariantGroup;
			children = (
				C13E00621DF2A4B0009AF889 /* Base */,
			);
			name = Main.storyboard;
			sourceTree = "<group>";
		};
		C13E00661DF2A4B0009AF889 /* LaunchScreen.storyboard */ = {
			isa = PBXVariantGroup;
			children = (
				C13E00671DF2A4B0009AF889 /* Base */,
			);
			name = LaunchScreen.storyboard;
			sourceTree = "<group>";
		};
/* End PBXVariantGroup section */

/* Begin XCBuildConfiguration section */
		C13E00801DF2A4B0009AF889 /* Debug */ = {
			isa = XCBuildConfiguration;
			buildSettings = {
				ALWAYS_SEARCH_USER_PATHS = NO;
				CLANG_ANALYZER_NONNULL = YES;
				CLANG_CXX_LANGUAGE_STANDARD = "gnu++0x";
				CLANG_CXX_LIBRARY = "libc++";
				CLANG_ENABLE_MODULES = YES;
				CLANG_ENABLE_OBJC_ARC = YES;
				CLANG_WARN_BOOL_CONVERSION = YES;
				CLANG_WARN_CONSTANT_CONVERSION = YES;
				CLANG_WARN_DIRECT_OBJC_ISA_USAGE = YES_ERROR;
				CLANG_WARN_DOCUMENTATION_COMMENTS = YES;
				CLANG_WARN_EMPTY_BODY = YES;
				CLANG_WARN_ENUM_CONVERSION = YES;
				CLANG_WARN_INFINITE_RECURSION = YES;
				CLANG_WARN_INT_CONVERSION = YES;
				CLANG_WARN_OBJC_ROOT_CLASS = YES_ERROR;
				CLANG_WARN_SUSPICIOUS_MOVES = YES;
				CLANG_WARN_UNREACHABLE_CODE = YES;
				CLANG_WARN__DUPLICATE_METHOD_MATCH = YES;
				"CODE_SIGN_IDENTITY[sdk=iphoneos*]" = "iPhone Developer";
				COPY_PHASE_STRIP = NO;
				DEBUG_INFORMATION_FORMAT = dwarf;
				ENABLE_STRICT_OBJC_MSGSEND = YES;
				ENABLE_TESTABILITY = YES;
				GCC_C_LANGUAGE_STANDARD = gnu99;
				GCC_DYNAMIC_NO_PIC = NO;
				GCC_NO_COMMON_BLOCKS = YES;
				GCC_OPTIMIZATION_LEVEL = 0;
				GCC_PREPROCESSOR_DEFINITIONS = (
					"DEBUG=1",
					"$(inherited)",
				);
				GCC_WARN_64_TO_32_BIT_CONVERSION = YES;
				GCC_WARN_ABOUT_RETURN_TYPE = YES_ERROR;
				GCC_WARN_UNDECLARED_SELECTOR = YES;
				GCC_WARN_UNINITIALIZED_AUTOS = YES_AGGRESSIVE;
				GCC_WARN_UNUSED_FUNCTION = YES;
				GCC_WARN_UNUSED_VARIABLE = YES;
				IPHONEOS_DEPLOYMENT_TARGET = 10.1;
				MTL_ENABLE_DEBUG_INFO = YES;
				ONLY_ACTIVE_ARCH = YES;
				SDKROOT = iphoneos;
				SWIFT_ACTIVE_COMPILATION_CONDITIONS = DEBUG;
				SWIFT_OPTIMIZATION_LEVEL = "-Onone";
				TARGETED_DEVICE_FAMILY = "1,2";
			};
			name = Debug;
		};
		C13E00811DF2A4B0009AF889 /* Release */ = {
			isa = XCBuildConfiguration;
			buildSettings = {
				ALWAYS_SEARCH_USER_PATHS = NO;
				CLANG_ANALYZER_NONNULL = YES;
				CLANG_CXX_LANGUAGE_STANDARD = "gnu++0x";
				CLANG_CXX_LIBRARY = "libc++";
				CLANG_ENABLE_MODULES = YES;
				CLANG_ENABLE_OBJC_ARC = YES;
				CLANG_WARN_BOOL_CONVERSION = YES;
				CLANG_WARN_CONSTANT_CONVERSION = YES;
				CLANG_WARN_DIRECT_OBJC_ISA_USAGE = YES_ERROR;
				CLANG_WARN_DOCUMENTATION_COMMENTS = YES;
				CLANG_WARN_EMPTY_BODY = YES;
				CLANG_WARN_ENUM_CONVERSION = YES;
				CLANG_WARN_INFINITE_RECURSION = YES;
				CLANG_WARN_INT_CONVERSION = YES;
				CLANG_WARN_OBJC_ROOT_CLASS = YES_ERROR;
				CLANG_WARN_SUSPICIOUS_MOVES = YES;
				CLANG_WARN_UNREACHABLE_CODE = YES;
				CLANG_WARN__DUPLICATE_METHOD_MATCH = YES;
				"CODE_SIGN_IDENTITY[sdk=iphoneos*]" = "iPhone Developer";
				COPY_PHASE_STRIP = NO;
				DEBUG_INFORMATION_FORMAT = "dwarf-with-dsym";
				ENABLE_NS_ASSERTIONS = NO;
				ENABLE_STRICT_OBJC_MSGSEND = YES;
				GCC_C_LANGUAGE_STANDARD = gnu99;
				GCC_NO_COMMON_BLOCKS = YES;
				GCC_WARN_64_TO_32_BIT_CONVERSION = YES;
				GCC_WARN_ABOUT_RETURN_TYPE = YES_ERROR;
				GCC_WARN_UNDECLARED_SELECTOR = YES;
				GCC_WARN_UNINITIALIZED_AUTOS = YES_AGGRESSIVE;
				GCC_WARN_UNUSED_FUNCTION = YES;
				GCC_WARN_UNUSED_VARIABLE = YES;
				IPHONEOS_DEPLOYMENT_TARGET = 10.1;
				MTL_ENABLE_DEBUG_INFO = NO;
				SDKROOT = iphoneos;
				SWIFT_OPTIMIZATION_LEVEL = "-Owholemodule";
				TARGETED_DEVICE_FAMILY = "1,2";
				VALIDATE_PRODUCT = YES;
			};
			name = Release;
		};
		C13E00831DF2A4B0009AF889 /* Debug */ = {
			isa = XCBuildConfiguration;
			buildSettings = {
				ASSETCATALOG_COMPILER_APPICON_NAME = AppIcon;
				INFOPLIST_FILE = qqqqqq/Info.plist;
				LD_RUNPATH_SEARCH_PATHS = "$(inherited) @executable_path/Frameworks";
				PRODUCT_BUNDLE_IDENTIFIER = com.syh.qqqqqq;
				PRODUCT_NAME = "$(TARGET_NAME)";
				SWIFT_VERSION = 3.0;
			};
			name = Debug;
		};
		C13E00841DF2A4B0009AF889 /* Release */ = {
			isa = XCBuildConfiguration;
			buildSettings = {
				ASSETCATALOG_COMPILER_APPICON_NAME = AppIcon;
				INFOPLIST_FILE = qqqqqq/Info.plist;
				LD_RUNPATH_SEARCH_PATHS = "$(inherited) @executable_path/Frameworks";
				PRODUCT_BUNDLE_IDENTIFIER = com.syh.qqqqqq;
				PRODUCT_NAME = "$(TARGET_NAME)";
				SWIFT_VERSION = 3.0;
			};
			name = Release;
		};
		C13E00861DF2A4B0009AF889 /* Debug */ = {
			isa = XCBuildConfiguration;
			buildSettings = {
				ALWAYS_EMBED_SWIFT_STANDARD_LIBRARIES = YES;
				BUNDLE_LOADER = "$(TEST_HOST)";
				INFOPLIST_FILE = qqqqqqTests/Info.plist;
				LD_RUNPATH_SEARCH_PATHS = "$(inherited) @executable_path/Frameworks @loader_path/Frameworks";
				PRODUCT_BUNDLE_IDENTIFIER = com.syh.qqqqqqTests;
				PRODUCT_NAME = "$(TARGET_NAME)";
				SWIFT_VERSION = 3.0;
				TEST_HOST = "$(BUILT_PRODUCTS_DIR)/qqqqqq.app/qqqqqq";
			};
			name = Debug;
		};
		C13E00871DF2A4B0009AF889 /* Release */ = {
			isa = XCBuildConfiguration;
			buildSettings = {
				ALWAYS_EMBED_SWIFT_STANDARD_LIBRARIES = YES;
				BUNDLE_LOADER = "$(TEST_HOST)";
				INFOPLIST_FILE = qqqqqqTests/Info.plist;
				LD_RUNPATH_SEARCH_PATHS = "$(inherited) @executable_path/Frameworks @loader_path/Frameworks";
				PRODUCT_BUNDLE_IDENTIFIER = com.syh.qqqqqqTests;
				PRODUCT_NAME = "$(TARGET_NAME)";
				SWIFT_VERSION = 3.0;
				TEST_HOST = "$(BUILT_PRODUCTS_DIR)/qqqqqq.app/qqqqqq";
			};
			name = Release;
		};
		C13E00891DF2A4B0009AF889 /* Debug */ = {
			isa = XCBuildConfiguration;
			buildSettings = {
				ALWAYS_EMBED_SWIFT_STANDARD_LIBRARIES = YES;
				INFOPLIST_FILE = qqqqqqUITests/Info.plist;
				LD_RUNPATH_SEARCH_PATHS = "$(inherited) @executable_path/Frameworks @loader_path/Frameworks";
				PRODUCT_BUNDLE_IDENTIFIER = com.syh.qqqqqqUITests;
				PRODUCT_NAME = "$(TARGET_NAME)";
				SWIFT_VERSION = 3.0;
				TEST_TARGET_NAME = qqqqqq;
			};
			name = Debug;
		};
		C13E008A1DF2A4B0009AF889 /* Release */ = {
			isa = XCBuildConfiguration;
			buildSettings = {
				ALWAYS_EMBED_SWIFT_STANDARD_LIBRARIES = YES;
				INFOPLIST_FILE = qqqqqqUITests/Info.plist;
				LD_RUNPATH_SEARCH_PATHS = "$(inherited) @executable_path/Frameworks @loader_path/Frameworks";
				PRODUCT_BUNDLE_IDENTIFIER = com.syh.qqqqqqUITests;
				PRODUCT_NAME = "$(TARGET_NAME)";
				SWIFT_VERSION = 3.0;
				TEST_TARGET_NAME = qqqqqq;
			};
			name = Release;
		};
/* End XCBuildConfiguration section */

/* Begin XCConfigurationList section */
		C13E00551DF2A4AF009AF889 /* Build configuration list for PBXProject "qqqqqq" */ = {
			isa = XCConfigurationList;
			buildConfigurations = (
				C13E00801DF2A4B0009AF889 /* Debug */,
				C13E00811DF2A4B0009AF889 /* Release */,
			);
			defaultConfigurationIsVisible = 0;
			defaultConfigurationName = Release;
		};
		C13E00821DF2A4B0009AF889 /* Build configuration list for PBXNativeTarget "qqqqqq" */ = {
			isa = XCConfigurationList;
			buildConfigurations = (
				C13E00831DF2A4B0009AF889 /* Debug */,
				C13E00841DF2A4B0009AF889 /* Release */,
			);
			defaultConfigurationIsVisible = 0;
		};
		C13E00851DF2A4B0009AF889 /* Build configuration list for PBXNativeTarget "qqqqqqTests" */ = {
			isa = XCConfigurationList;
			buildConfigurations = (
				C13E00861DF2A4B0009AF889 /* Debug */,
				C13E00871DF2A4B0009AF889 /* Release */,
			);
			defaultConfigurationIsVisible = 0;
		};
		C13E00881DF2A4B0009AF889 /* Build configuration list for PBXNativeTarget "qqqqqqUITests" */ = {
			isa = XCConfigurationList;
			buildConfigurations = (
				C13E00891DF2A4B0009AF889 /* Debug */,
				C13E008A1DF2A4B0009AF889 /* Release */,
			);
			defaultConfigurationIsVisible = 0;
		};
/* End XCConfigurationList section */
	};
	rootObject = C13E00521DF2A4AF009AF889 /* Project object */;
}
